// !$*UTF8*$!
{
	archiveVersion = 1;
	classes = {
	};
	objectVersion = 46;
	objects = {

/* Begin PBXBuildFile section */
		ACE6DB931CF741F6005C6667 /* AppDelegate.swift in Sources */ = {isa = PBXBuildFile; fileRef = ACE6DB921CF741F6005C6667 /* AppDelegate.swift */; };
		ACE6DB951CF741F6005C6667 /* ViewController.swift in Sources */ = {isa = PBXBuildFile; fileRef = ACE6DB941CF741F6005C6667 /* ViewController.swift */; };
		ACE6DB981CF741F6005C6667 /* Main.storyboard in Resources */ = {isa = PBXBuildFile; fileRef = ACE6DB961CF741F6005C6667 /* Main.storyboard */; };
		ACE6DB9A1CF741F6005C6667 /* Assets.xcassets in Resources */ = {isa = PBXBuildFile; fileRef = ACE6DB991CF741F6005C6667 /* Assets.xcassets */; };
		ACE6DB9D1CF741F6005C6667 /* LaunchScreen.storyboard in Resources */ = {isa = PBXBuildFile; fileRef = ACE6DB9B1CF741F6005C6667 /* LaunchScreen.storyboard */; };
		ACE6DBA81CF741F6005C6667 /* DropdownMenuDemoTests.swift in Sources */ = {isa = PBXBuildFile; fileRef = ACE6DBA71CF741F6005C6667 /* DropdownMenuDemoTests.swift */; };
		ACE6DBB31CF741F6005C6667 /* DropdownMenuDemoUITests.swift in Sources */ = {isa = PBXBuildFile; fileRef = ACE6DBB21CF741F6005C6667 /* DropdownMenuDemoUITests.swift */; };
/* End PBXBuildFile section */

/* Begin PBXContainerItemProxy section */
		ACE6DBA41CF741F6005C6667 /* PBXContainerItemProxy */ = {
			isa = PBXContainerItemProxy;
			containerPortal = ACE6DB871CF741F6005C6667 /* Project object */;
			proxyType = 1;
			remoteGlobalIDString = ACE6DB8E1CF741F6005C6667;
			remoteInfo = DropdownMenuDemo;
		};
		ACE6DBAF1CF741F6005C6667 /* PBXContainerItemProxy */ = {
			isa = PBXContainerItemProxy;
			containerPortal = ACE6DB871CF741F6005C6667 /* Project object */;
			proxyType = 1;
			remoteGlobalIDString = ACE6DB8E1CF741F6005C6667;
			remoteInfo = DropdownMenuDemo;
		};
/* End PBXContainerItemProxy section */

/* Begin PBXFileReference section */
		ACE6DB8F1CF741F6005C6667 /* DropdownMenuDemo.app */ = {isa = PBXFileReference; explicitFileType = wrapper.application; includeInIndex = 0; path = DropdownMenuDemo.app; sourceTree = BUILT_PRODUCTS_DIR; };
		ACE6DB921CF741F6005C6667 /* AppDelegate.swift */ = {isa = PBXFileReference; lastKnownFileType = sourcecode.swift; path = AppDelegate.swift; sourceTree = "<group>"; };
		ACE6DB941CF741F6005C6667 /* ViewController.swift */ = {isa = PBXFileReference; lastKnownFileType = sourcecode.swift; path = ViewController.swift; sourceTree = "<group>"; };
		ACE6DB971CF741F6005C6667 /* Base */ = {isa = PBXFileReference; lastKnownFileType = file.storyboard; name = Base; path = Base.lproj/Main.storyboard; sourceTree = "<group>"; };
		ACE6DB991CF741F6005C6667 /* Assets.xcassets */ = {isa = PBXFileReference; lastKnownFileType = folder.assetcatalog; path = Assets.xcassets; sourceTree = "<group>"; };
		ACE6DB9C1CF741F6005C6667 /* Base */ = {isa = PBXFileReference; lastKnownFileType = file.storyboard; name = Base; path = Base.lproj/LaunchScreen.storyboard; sourceTree = "<group>"; };
		ACE6DB9E1CF741F6005C6667 /* Info.plist */ = {isa = PBXFileReference; lastKnownFileType = text.plist.xml; path = Info.plist; sourceTree = "<group>"; };
		ACE6DBA31CF741F6005C6667 /* DropdownMenuDemoTests.xctest */ = {isa = PBXFileReference; explicitFileType = wrapper.cfbundle; includeInIndex = 0; path = DropdownMenuDemoTests.xctest; sourceTree = BUILT_PRODUCTS_DIR; };
		ACE6DBA71CF741F6005C6667 /* DropdownMenuDemoTests.swift */ = {isa = PBXFileReference; lastKnownFileType = sourcecode.swift; path = DropdownMenuDemoTests.swift; sourceTree = "<group>"; };
		ACE6DBA91CF741F6005C6667 /* Info.plist */ = {isa = PBXFileReference; lastKnownFileType = text.plist.xml; path = Info.plist; sourceTree = "<group>"; };
		ACE6DBAE1CF741F6005C6667 /* DropdownMenuDemoUITests.xctest */ = {isa = PBXFileReference; explicitFileType = wrapper.cfbundle; includeInIndex = 0; path = DropdownMenuDemoUITests.xctest; sourceTree = BUILT_PRODUCTS_DIR; };
		ACE6DBB21CF741F6005C6667 /* DropdownMenuDemoUITests.swift */ = {isa = PBXFileReference; lastKnownFileType = sourcecode.swift; path = DropdownMenuDemoUITests.swift; sourceTree = "<group>"; };
		ACE6DBB41CF741F6005C6667 /* Info.plist */ = {isa = PBXFileReference; lastKnownFileType = text.plist.xml; path = Info.plist; sourceTree = "<group>"; };
/* End PBXFileReference section */

/* Begin PBXFrameworksBuildPhase section */
		ACE6DB8C1CF741F6005C6667 /* Frameworks */ = {
			isa = PBXFrameworksBuildPhase;
			buildActionMask = 2147483647;
			files = (
			);
			runOnlyForDeploymentPostprocessing = 0;
		};
		ACE6DBA01CF741F6005C6667 /* Frameworks */ = {
			isa = PBXFrameworksBuildPhase;
			buildActionMask = 2147483647;
			files = (
			);
			runOnlyForDeploymentPostprocessing = 0;
		};
		ACE6DBAB1CF741F6005C6667 /* Frameworks */ = {
			isa = PBXFrameworksBuildPhase;
			buildActionMask = 2147483647;
			files = (
			);
			runOnlyForDeploymentPostprocessing = 0;
		};
/* End PBXFrameworksBuildPhase section */

/* Begin PBXGroup section */
		ACE6DB861CF741F6005C6667 = {
			isa = PBXGroup;
			children = (
				ACE6DB911CF741F6005C6667 /* DropdownMenuDemo */,
				ACE6DBA61CF741F6005C6667 /* DropdownMenuDemoTests */,
				ACE6DBB11CF741F6005C6667 /* DropdownMenuDemoUITests */,
				ACE6DB901CF741F6005C6667 /* Products */,
			);
			sourceTree = "<group>";
		};
		ACE6DB901CF741F6005C6667 /* Products */ = {
			isa = PBXGroup;
			children = (
				ACE6DB8F1CF741F6005C6667 /* DropdownMenuDemo.app */,
				ACE6DBA31CF741F6005C6667 /* DropdownMenuDemoTests.xctest */,
				ACE6DBAE1CF741F6005C6667 /* DropdownMenuDemoUITests.xctest */,
			);
			name = Products;
			sourceTree = "<group>";
		};
		ACE6DB911CF741F6005C6667 /* DropdownMenuDemo */ = {
			isa = PBXGroup;
			children = (
				ACE6DB921CF741F6005C6667 /* AppDelegate.swift */,
				ACE6DB941CF741F6005C6667 /* ViewController.swift */,
				ACE6DB961CF741F6005C6667 /* Main.storyboard */,
				ACE6DB991CF741F6005C6667 /* Assets.xcassets */,
				ACE6DB9B1CF741F6005C6667 /* LaunchScreen.storyboard */,
				ACE6DB9E1CF741F6005C6667 /* Info.plist */,
			);
			path = DropdownMenuDemo;
			sourceTree = "<group>";
		};
		ACE6DBA61CF741F6005C6667 /* DropdownMenuDemoTests */ = {
			isa = PBXGroup;
			children = (
				ACE6DBA71CF741F6005C6667 /* DropdownMenuDemoTests.swift */,
				ACE6DBA91CF741F6005C6667 /* Info.plist */,
			);
			path = DropdownMenuDemoTests;
			sourceTree = "<group>";
		};
		ACE6DBB11CF741F6005C6667 /* DropdownMenuDemoUITests */ = {
			isa = PBXGroup;
			children = (
				ACE6DBB21CF741F6005C6667 /* DropdownMenuDemoUITests.swift */,
				ACE6DBB41CF741F6005C6667 /* Info.plist */,
			);
			path = DropdownMenuDemoUITests;
			sourceTree = "<group>";
		};
/* End PBXGroup section */

/* Begin PBXNativeTarget section */
		ACE6DB8E1CF741F6005C6667 /* DropdownMenuDemo */ = {
			isa = PBXNativeTarget;
			buildConfigurationList = ACE6DBB71CF741F6005C6667 /* Build configuration list for PBXNativeTarget "DropdownMenuDemo" */;
			buildPhases = (
				ACE6DB8B1CF741F6005C6667 /* Sources */,
				ACE6DB8C1CF741F6005C6667 /* Frameworks */,
				ACE6DB8D1CF741F6005C6667 /* Resources */,
			);
			buildRules = (
			);
			dependencies = (
			);
			name = DropdownMenuDemo;
			productName = DropdownMenuDemo;
			productReference = ACE6DB8F1CF741F6005C6667 /* DropdownMenuDemo.app */;
			productType = "com.apple.product-type.application";
		};
		ACE6DBA21CF741F6005C6667 /* DropdownMenuDemoTests */ = {
			isa = PBXNativeTarget;
			buildConfigurationList = ACE6DBBA1CF741F6005C6667 /* Build configuration list for PBXNativeTarget "DropdownMenuDemoTests" */;
			buildPhases = (
				ACE6DB9F1CF741F6005C6667 /* Sources */,
				ACE6DBA01CF741F6005C6667 /* Frameworks */,
				ACE6DBA11CF741F6005C6667 /* Resources */,
			);
			buildRules = (
			);
			dependencies = (
				ACE6DBA51CF741F6005C6667 /* PBXTargetDependency */,
			);
			name = DropdownMenuDemoTests;
			productName = DropdownMenuDemoTests;
			productReference = ACE6DBA31CF741F6005C6667 /* DropdownMenuDemoTests.xctest */;
			productType = "com.apple.product-type.bundle.unit-test";
		};
		ACE6DBAD1CF741F6005C6667 /* DropdownMenuDemoUITests */ = {
			isa = PBXNativeTarget;
			buildConfigurationList = ACE6DBBD1CF741F6005C6667 /* Build configuration list for PBXNativeTarget "DropdownMenuDemoUITests" */;
			buildPhases = (
				ACE6DBAA1CF741F6005C6667 /* Sources */,
				ACE6DBAB1CF741F6005C6667 /* Frameworks */,
				ACE6DBAC1CF741F6005C6667 /* Resources */,
			);
			buildRules = (
			);
			dependencies = (
				ACE6DBB01CF741F6005C6667 /* PBXTargetDependency */,
			);
			name = DropdownMenuDemoUITests;
			productName = DropdownMenuDemoUITests;
			productReference = ACE6DBAE1CF741F6005C6667 /* DropdownMenuDemoUITests.xctest */;
			productType = "com.apple.product-type.bundle.ui-testing";
		};
/* End PBXNativeTarget section */

/* Begin PBXProject section */
		ACE6DB871CF741F6005C6667 /* Project object */ = {
			isa = PBXProject;
			attributes = {
				LastSwiftUpdateCheck = 0730;
				LastUpgradeCheck = 0730;
				ORGANIZATIONNAME = teambition;
				TargetAttributes = {
					ACE6DB8E1CF741F6005C6667 = {
						CreatedOnToolsVersion = 7.3.1;
					};
					ACE6DBA21CF741F6005C6667 = {
						CreatedOnToolsVersion = 7.3.1;
						TestTargetID = ACE6DB8E1CF741F6005C6667;
					};
					ACE6DBAD1CF741F6005C6667 = {
						CreatedOnToolsVersion = 7.3.1;
						TestTargetID = ACE6DB8E1CF741F6005C6667;
					};
				};
			};
			buildConfigurationList = ACE6DB8A1CF741F6005C6667 /* Build configuration list for PBXProject "DropdownMenuDemo" */;
			compatibilityVersion = "Xcode 3.2";
			developmentRegion = English;
			hasScannedForEncodings = 0;
			knownRegions = (
				en,
				Base,
			);
			mainGroup = ACE6DB861CF741F6005C6667;
			productRefGroup = ACE6DB901CF741F6005C6667 /* Products */;
			projectDirPath = "";
			projectRoot = "";
			targets = (
				ACE6DB8E1CF741F6005C6667 /* DropdownMenuDemo */,
				ACE6DBA21CF741F6005C6667 /* DropdownMenuDemoTests */,
				ACE6DBAD1CF741F6005C6667 /* DropdownMenuDemoUITests */,
			);
		};
/* End PBXProject section */

/* Begin PBXResourcesBuildPhase section */
		ACE6DB8D1CF741F6005C6667 /* Resources */ = {
			isa = PBXResourcesBuildPhase;
			buildActionMask = 2147483647;
			files = (
				ACE6DB9D1CF741F6005C6667 /* LaunchScreen.storyboard in Resources */,
				ACE6DB9A1CF741F6005C6667 /* Assets.xcassets in Resources */,
				ACE6DB981CF741F6005C6667 /* Main.storyboard in Resources */,
			);
			runOnlyForDeploymentPostprocessing = 0;
		};
		ACE6DBA11CF741F6005C6667 /* Resources */ = {
			isa = PBXResourcesBuildPhase;
			buildActionMask = 2147483647;
			files = (
			);
			runOnlyForDeploymentPostprocessing = 0;
		};
		ACE6DBAC1CF741F6005C6667 /* Resources */ = {
			isa = PBXResourcesBuildPhase;
			buildActionMask = 2147483647;
			files = (
			);
			runOnlyForDeploymentPostprocessing = 0;
		};
/* End PBXResourcesBuildPhase section */

/* Begin PBXSourcesBuildPhase section */
		ACE6DB8B1CF741F6005C6667 /* Sources */ = {
			isa = PBXSourcesBuildPhase;
			buildActionMask = 2147483647;
			files = (
				ACE6DB951CF741F6005C6667 /* ViewController.swift in Sources */,
				ACE6DB931CF741F6005C6667 /* AppDelegate.swift in Sources */,
			);
			runOnlyForDeploymentPostprocessing = 0;
		};
		ACE6DB9F1CF741F6005C6667 /* Sources */ = {
			isa = PBXSourcesBuildPhase;
			buildActionMask = 2147483647;
			files = (
				ACE6DBA81CF741F6005C6667 /* DropdownMenuDemoTests.swift in Sources */,
			);
			runOnlyForDeploymentPostprocessing = 0;
		};
		ACE6DBAA1CF741F6005C6667 /* Sources */ = {
			isa = PBXSourcesBuildPhase;
			buildActionMask = 2147483647;
			files = (
				ACE6DBB31CF741F6005C6667 /* DropdownMenuDemoUITests.swift in Sources */,
			);
			runOnlyForDeploymentPostprocessing = 0;
		};
/* End PBXSourcesBuildPhase section */

/* Begin PBXTargetDependency section */
		ACE6DBA51CF741F6005C6667 /* PBXTargetDependency */ = {
			isa = PBXTargetDependency;
			target = ACE6DB8E1CF741F6005C6667 /* DropdownMenuDemo */;
			targetProxy = ACE6DBA41CF741F6005C6667 /* PBXContainerItemProxy */;
		};
		ACE6DBB01CF741F6005C6667 /* PBXTargetDependency */ = {
			isa = PBXTargetDependency;
			target = ACE6DB8E1CF741F6005C6667 /* DropdownMenuDemo */;
			targetProxy = ACE6DBAF1CF741F6005C6667 /* PBXContainerItemProxy */;
		};
/* End PBXTargetDependency section */

/* Begin PBXVariantGroup section */
		ACE6DB961CF741F6005C6667 /* Main.storyboard */ = {
			isa = PBXVariantGroup;
			children = (
				ACE6DB971CF741F6005C6667 /* Base */,
			);
			name = Main.storyboard;
			sourceTree = "<group>";
		};
		ACE6DB9B1CF741F6005C6667 /* LaunchScreen.storyboard */ = {
			isa = PBXVariantGroup;
			children = (
				ACE6DB9C1CF741F6005C6667 /* Base */,
			);
			name = LaunchScreen.storyboard;
			sourceTree = "<group>";
		};
/* End PBXVariantGroup section */

/* Begin XCBuildConfiguration section */
		ACE6DBB51CF741F6005C6667 /* Debug */ = {
			isa = XCBuildConfiguration;
			buildSettings = {
				ALWAYS_SEARCH_USER_PATHS = NO;
				CLANG_ANALYZER_NONNULL = YES;
				CLANG_CXX_LANGUAGE_STANDARD = "gnu++0x";
				CLANG_CXX_LIBRARY = "libc++";
				CLANG_ENABLE_MODULES = YES;
				CLANG_ENABLE_OBJC_ARC = YES;
				CLANG_WARN_BOOL_CONVERSION = YES;
				CLANG_WARN_CONSTANT_CONVERSION = YES;
				CLANG_WARN_DIRECT_OBJC_ISA_USAGE = YES_ERROR;
				CLANG_WARN_EMPTY_BODY = YES;
				CLANG_WARN_ENUM_CONVERSION = YES;
				CLANG_WARN_INT_CONVERSION = YES;
				CLANG_WARN_OBJC_ROOT_CLASS = YES_ERROR;
				CLANG_WARN_UNREACHABLE_CODE = YES;
				CLANG_WARN__DUPLICATE_METHOD_MATCH = YES;
				"CODE_SIGN_IDENTITY[sdk=iphoneos*]" = "iPhone Developer";
				COPY_PHASE_STRIP = NO;
				DEBUG_INFORMATION_FORMAT = dwarf;
				ENABLE_STRICT_OBJC_MSGSEND = YES;
				ENABLE_TESTABILITY = YES;
				GCC_C_LANGUAGE_STANDARD = gnu99;
				GCC_DYNAMIC_NO_PIC = NO;
				GCC_NO_COMMON_BLOCKS = YES;
				GCC_OPTIMIZATION_LEVEL = 0;
				GCC_PREPROCESSOR_DEFINITIONS = (
					"DEBUG=1",
					"$(inherited)",
				);
				GCC_WARN_64_TO_32_BIT_CONVERSION = YES;
				GCC_WARN_ABOUT_RETURN_TYPE = YES_ERROR;
				GCC_WARN_UNDECLARED_SELECTOR = YES;
				GCC_WARN_UNINITIALIZED_AUTOS = YES_AGGRESSIVE;
				GCC_WARN_UNUSED_FUNCTION = YES;
				GCC_WARN_UNUSED_VARIABLE = YES;
				IPHONEOS_DEPLOYMENT_TARGET = 9.3;
				MTL_ENABLE_DEBUG_INFO = YES;
				ONLY_ACTIVE_ARCH = YES;
				SDKROOT = iphoneos;
				SWIFT_OPTIMIZATION_LEVEL = "-Onone";
				TARGETED_DEVICE_FAMILY = "1,2";
			};
			name = Debug;
		};
		ACE6DBB61CF741F6005C6667 /* Release */ = {
			isa = XCBuildConfiguration;
			buildSettings = {
				ALWAYS_SEARCH_USER_PATHS = NO;
				CLANG_ANALYZER_NONNULL = YES;
				CLANG_CXX_LANGUAGE_STANDARD = "gnu++0x";
				CLANG_CXX_LIBRARY = "libc++";
				CLANG_ENABLE_MODULES = YES;
				CLANG_ENABLE_OBJC_ARC = YES;
				CLANG_WARN_BOOL_CONVERSION = YES;
				CLANG_WARN_CONSTANT_CONVERSION = YES;
				CLANG_WARN_DIRECT_OBJC_ISA_USAGE = YES_ERROR;
				CLANG_WARN_EMPTY_BODY = YES;
				CLANG_WARN_ENUM_CONVERSION = YES;
				CLANG_WARN_INT_CONVERSION = YES;
				CLANG_WARN_OBJC_ROOT_CLASS = YES_ERROR;
				CLANG_WARN_UNREACHABLE_CODE = YES;
				CLANG_WARN__DUPLICATE_METHOD_MATCH = YES;
				"CODE_SIGN_IDENTITY[sdk=iphoneos*]" = "iPhone Developer";
				COPY_PHASE_STRIP = NO;
				DEBUG_INFORMATION_FORMAT = "dwarf-with-dsym";
				ENABLE_NS_ASSERTIONS = NO;
				ENABLE_STRICT_OBJC_MSGSEND = YES;
				GCC_C_LANGUAGE_STANDARD = gnu99;
				GCC_NO_COMMON_BLOCKS = YES;
				GCC_WARN_64_TO_32_BIT_CONVERSION = YES;
				GCC_WARN_ABOUT_RETURN_TYPE = YES_ERROR;
				GCC_WARN_UNDECLARED_SELECTOR = YES;
				GCC_WARN_UNINITIALIZED_AUTOS = YES_AGGRESSIVE;
				GCC_WARN_UNUSED_FUNCTION = YES;
				GCC_WARN_UNUSED_VARIABLE = YES;
				IPHONEOS_DEPLOYMENT_TARGET = 9.3;
				MTL_ENABLE_DEBUG_INFO = NO;
				SDKROOT = iphoneos;
				TARGETED_DEVICE_FAMILY = "1,2";
				VALIDATE_PRODUCT = YES;
			};
			name = Release;
		};
		ACE6DBB81CF741F6005C6667 /* Debug */ = {
			isa = XCBuildConfiguration;
			buildSettings = {
				ASSETCATALOG_COMPILER_APPICON_NAME = AppIcon;
				INFOPLIST_FILE = DropdownMenuDemo/Info.plist;
				LD_RUNPATH_SEARCH_PATHS = "$(inherited) @executable_path/Frameworks";
				PRODUCT_BUNDLE_IDENTIFIER = com.teambition.DropdownMenuDemo;
				PRODUCT_NAME = "$(TARGET_NAME)";
			};
			name = Debug;
		};
		ACE6DBB91CF741F6005C6667 /* Release */ = {
			isa = XCBuildConfiguration;
			buildSettings = {
				ASSETCATALOG_COMPILER_APPICON_NAME = AppIcon;
				INFOPLIST_FILE = DropdownMenuDemo/Info.plist;
				LD_RUNPATH_SEARCH_PATHS = "$(inherited) @executable_path/Frameworks";
				PRODUCT_BUNDLE_IDENTIFIER = com.teambition.DropdownMenuDemo;
				PRODUCT_NAME = "$(TARGET_NAME)";
			};
			name = Release;
		};
		ACE6DBBB1CF741F6005C6667 /* Debug */ = {
			isa = XCBuildConfiguration;
			buildSettings = {
				BUNDLE_LOADER = "$(TEST_HOST)";
				INFOPLIST_FILE = DropdownMenuDemoTests/Info.plist;
				LD_RUNPATH_SEARCH_PATHS = "$(inherited) @executable_path/Frameworks @loader_path/Frameworks";
				PRODUCT_BUNDLE_IDENTIFIER = com.teambition.DropdownMenuDemoTests;
				PRODUCT_NAME = "$(TARGET_NAME)";
				TEST_HOST = "$(BUILT_PRODUCTS_DIR)/DropdownMenuDemo.app/DropdownMenuDemo";
			};
			name = Debug;
		};
		ACE6DBBC1CF741F6005C6667 /* Release */ = {
			isa = XCBuildConfiguration;
			buildSettings = {
				BUNDLE_LOADER = "$(TEST_HOST)";
				INFOPLIST_FILE = DropdownMenuDemoTests/Info.plist;
				LD_RUNPATH_SEARCH_PATHS = "$(inherited) @executable_path/Frameworks @loader_path/Frameworks";
				PRODUCT_BUNDLE_IDENTIFIER = com.teambition.DropdownMenuDemoTests;
				PRODUCT_NAME = "$(TARGET_NAME)";
				TEST_HOST = "$(BUILT_PRODUCTS_DIR)/DropdownMenuDemo.app/DropdownMenuDemo";
			};
			name = Release;
		};
		ACE6DBBE1CF741F6005C6667 /* Debug */ = {
			isa = XCBuildConfiguration;
			buildSettings = {
				INFOPLIST_FILE = DropdownMenuDemoUITests/Info.plist;
				LD_RUNPATH_SEARCH_PATHS = "$(inherited) @executable_path/Frameworks @loader_path/Frameworks";
				PRODUCT_BUNDLE_IDENTIFIER = com.teambition.DropdownMenuDemoUITests;
				PRODUCT_NAME = "$(TARGET_NAME)";
				TEST_TARGET_NAME = DropdownMenuDemo;
			};
			name = Debug;
		};
		ACE6DBBF1CF741F6005C6667 /* Release */ = {
			isa = XCBuildConfiguration;
			buildSettings = {
				INFOPLIST_FILE = DropdownMenuDemoUITests/Info.plist;
				LD_RUNPATH_SEARCH_PATHS = "$(inherited) @executable_path/Frameworks @loader_path/Frameworks";
				PRODUCT_BUNDLE_IDENTIFIER = com.teambition.DropdownMenuDemoUITests;
				PRODUCT_NAME = "$(TARGET_NAME)";
				TEST_TARGET_NAME = DropdownMenuDemo;
			};
			name = Release;
		};
/* End XCBuildConfiguration section */

/* Begin XCConfigurationList section */
		ACE6DB8A1CF741F6005C6667 /* Build configuration list for PBXProject "DropdownMenuDemo" */ = {
			isa = XCConfigurationList;
			buildConfigurations = (
				ACE6DBB51CF741F6005C6667 /* Debug */,
				ACE6DBB61CF741F6005C6667 /* Release */,
			);
			defaultConfigurationIsVisible = 0;
			defaultConfigurationName = Release;
		};
		ACE6DBB71CF741F6005C6667 /* Build configuration list for PBXNativeTarget "DropdownMenuDemo" */ = {
			isa = XCConfigurationList;
			buildConfigurations = (
				ACE6DBB81CF741F6005C6667 /* Debug */,
				ACE6DBB91CF741F6005C6667 /* Release */,
			);
			defaultConfigurationIsVisible = 0;
		};
		ACE6DBBA1CF741F6005C6667 /* Build configuration list for PBXNativeTarget "DropdownMenuDemoTests" */ = {
			isa = XCConfigurationList;
			buildConfigurations = (
				ACE6DBBB1CF741F6005C6667 /* Debug */,
				ACE6DBBC1CF741F6005C6667 /* Release */,
			);
			defaultConfigurationIsVisible = 0;
		};
		ACE6DBBD1CF741F6005C6667 /* Build configuration list for PBXNativeTarget "DropdownMenuDemoUITests" */ = {
			isa = XCConfigurationList;
			buildConfigurations = (
				ACE6DBBE1CF741F6005C6667 /* Debug */,
				ACE6DBBF1CF741F6005C6667 /* Release */,
			);
			defaultConfigurationIsVisible = 0;
		};
/* End XCConfigurationList section */
	};
	rootObject = ACE6DB871CF741F6005C6667 /* Project object */;
}
